{
  "name": ".claude",
  "lockfileVersion": 3,
  "requires": true,
  "packages": {
    "": {
      "hasInstallScript": true,
      "dependencies": {
        "tiktoken": "^1.0.22"
      },
      "devDependencies": {
        "@colbymchenry/codegraph": "^0.9.9",
        "@playwright/test": "^1.60.0"
      }
    },
    "node_modules/@colbymchenry/codegraph": {
      "version": "0.9.9",
      "resolved": "https://registry.npmjs.org/@colbymchenry/codegraph/-/codegraph-0.9.9.tgz",
      "integrity": "sha512-23Dl9q0RHKVhJRp+Y823GfmQJjcPiRycoKN7TkaI8eJitluRvieoVlclPILqua8znvkAw9KevYziFfK3k74CBQ==",
      "dev": true,
      "license": "MIT",
      "bin": {
        "codegraph": "npm-shim.js"
      },
      "optionalDependencies": {
        "@colbymchenry/codegraph-darwin-arm64": "0.9.9",
        "@colbymchenry/codegraph-darwin-x64": "0.9.9",
        "@colbymchenry/codegraph-linux-arm64": "0.9.9",
        "@colbymchenry/codegraph-linux-x64": "0.9.9",
        "@colbymchenry/codegraph-win32-arm64": "0.9.9",
        "@colbymchenry/codegraph-win32-x64": "0.9.9"
      }
    },
    "node_modules/@colbymchenry/codegraph-darwin-arm64": {
      "version": "0.9.9",
      "resolved": "https://registry.npmjs.org/@colbymchenry/codegraph-darwin-arm64/-/codegraph-darwin-arm64-0.9.9.tgz",
      "integrity": "sha512-Mu6xhG4bF1OLeTqN2eSI5U8z2esymK/RjxP3T8cCigA4YprDIvd3XSGmTZREbDNRCuqrCi0R1LCJ7fsdFfpAPA==",
      "cpu": [
        "arm64"
      ],
      "dev": true,
      "license": "MIT",
      "optional": true,
      "os": [
        "darwin"
      ]
    },
    "node_modules/@colbymchenry/codegraph-darwin-x64": {
      "version": "0.9.9",
      "resolved": "https://registry.npmjs.org/@colbymchenry/codegraph-darwin-x64/-/codegraph-darwin-x64-0.9.9.tgz",
      "integrity": "sha512-xShaChiPJsajmBxvr1yP2XWsYstq0kJzHwQmiUG1huWrE14tP9NJnJ36hsbzHfHiqwBOJo2+5MZHuXmmzJa/vQ==",
      "cpu": [
        "x64"
      ],
      "dev": true,
      "license": "MIT",
      "optional": true,
      "os": [
        "darwin"
      ]
    },
    "node_modules/@colbymchenry/codegraph-linux-arm64": {
      "version": "0.9.9",
      "resolved": "https://registry.npmjs.org/@colbymchenry/codegraph-linux-arm64/-/codegraph-linux-arm64-0.9.9.tgz",
      "integrity": "sha512-zccx1m3gGB2jAGfz41U+1GQNK12mtLGuX48XyZXiyQIGFsJQCFS8v/OvShAfPygSGhUr3zKMetbkMnztp7ULtg==",
      "cpu": [
        "arm64"
      ],
      "dev": true,
      "license": "MIT",
      "optional": true,
      "os": [
        "linux"
      ]
    },
    "node_modules/@colbymchenry/codegraph-linux-x64": {
      "version": "0.9.9",
      "resolved": "https://registry.npmjs.org/@colbymchenry/codegraph-linux-x64/-/codegraph-linux-x64-0.9.9.tgz",
      "integrity": "sha512-vQfe5VdSQb/cVo1pwO12FyzTNaDIXtN3dLuAS/LIPsg2tQVyT9fwr10QmL10qWUNBShjgnRsomHdMG7hCjW3Yg==",
      "cpu": [
        "x64"
      ],
      "dev": true,
      "license": "MIT",
      "optional": true,
      "os": [
        "linux"
      ]
    },
    "node_modules/@colbymchenry/codegraph-win32-arm64": {
      "version": "0.9.9",
      "resolved": "https://registry.npmjs.org/@colbymchenry/codegraph-win32-arm64/-/codegraph-win32-arm64-0.9.9.tgz",
      "integrity": "sha512-U2QlTT434ulbEw6sTJVS+VNhjJUbZqCnw8tXuXSKkcuzGPZq/Hxoofe9UpY77+J9hAJu9PwwiWjEEaiDX9yb1w==",
      "cpu": [
        "arm64"
      ],
      "dev": true,
      "license": "MIT",
      "optional": true,
      "os": [
        "win32"
      ]
    },
    "node_modules/@colbymchenry/codegraph-win32-x64": {
      "version": "0.9.9",
      "resolved": "https://registry.npmjs.org/@colbymchenry/codegraph-win32-x64/-/codegraph-win32-x64-0.9.9.tgz",
      "integrity": "sha512-N7Xgt80BeEy78nNeqHaUgcsngxmy1Hty570QSa4hOh4zl6z6v6n7i9ZSUfraktESVUkfmMbUwoqfEzVwUbB0/g==",
      "cpu": [
        "x64"
      ],
      "dev": true,
      "license": "MIT",
      "optional": true,
      "os": [
        "win32"
      ]
    },
    "node_modules/@playwright/test": {
      "version": "1.60.0",
      "resolved": "https://registry.npmjs.org/@playwright/test/-/test-1.60.0.tgz",
      "integrity": "sha512-O71yZIbAh/PxDMNGns37GHBIfrVkEVyn+AXyIa5dOTfb4/xNvRWV+Vv/NMbNCtODB/pO7vLlF2OTmMVLhmr7Ag==",
      "dev": true,
      "license": "Apache-2.0",
      "dependencies": {
        "playwright": "1.60.0"
      },
      "bin": {
        "playwright": "cli.js"
      },
      "engines": {
        "node": ">=18"
      }
    },
    "node_modules/fsevents": {
      "version": "2.3.2",
      "resolved": "https://registry.npmjs.org/fsevents/-/fsevents-2.3.2.tgz",
      "integrity": "sha512-xiqMQR4xAeHTuB9uWm+fFRcIOgKBMiOBP+eXiyT7jsgVCq1bkVygt00oASowB7EdtpOHaaPgKt812P9ab+DDKA==",
      "dev": true,
      "hasInstallScript": true,
      "license": "MIT",
      "optional": true,
      "os": [
        "darwin"
      ],
      "engines": {
        "node": "^8.16.0 || ^10.6.0 || >=11.0.0"
      }
    },
    "node_modules/playwright": {
      "version": "1.60.0",
      "resolved": "https://registry.npmjs.org/playwright/-/playwright-1.60.0.tgz",
      "integrity": "sha512-hheHdokM8cdqCb0lcE3s+zT4t4W+vvjpGxsZlDnikarzx8tSzMebh3UiFtgqwFwnTnjYQcsyMF8ei2mCO/tpeA==",
      "dev": true,
      "license": "Apache-2.0",
      "dependencies": {
        "playwright-core": "1.60.0"
      },
      "bin": {
        "playwright": "cli.js"
      },
      "engines": {
        "node": ">=18"
      },
      "optionalDependencies": {
        "fsevents": "2.3.2"
      }
    },
    "node_modules/playwright-core": {
      "version": "1.60.0",
      "resolved": "https://registry.npmjs.org/playwright-core/-/playwright-core-1.60.0.tgz",
      "integrity": "sha512-9bW6zvX/m0lEbgTKJ6YppOKx8H3VOPBMOCFh2irXFOT4BbHgrx5hPjwJYLT40Lu+4qtD36qKc/Hn56StUW57IA==",
      "dev": true,
      "license": "Apache-2.0",
      "bin": {
        "playwright-core": "cli.js"
      },
      "engines": {
        "node": ">=18"
      }
    },
    "node_modules/tiktoken": {
      "version": "1.0.22",
      "resolved": "https://registry.npmjs.org/tiktoken/-/tiktoken-1.0.22.tgz",
      "integrity": "sha512-PKvy1rVF1RibfF3JlXBSP0Jrcw2uq3yXdgcEXtKTYn3QJ/cBRBHDnrJ5jHky+MENZ6DIPwNUGWpkVx+7joCpNA==",
      "license": "MIT"
    }
  }
}
